
Microsoft Visual Studio Solution File, Format Version 12.00
# Visual Studio Version 17
VisualStudioVersion = 17.10.34916.146
MinimumVisualStudioVersion = 10.0.40219.1
Project("{FAE04EC0-301F-11D3-BF4B-00C04F79EFBC}") = "Projetos Go Bee", "Projetos Go Bee.csproj", "{D7EDD7DF-6342-4067-9A28-F2DDC6EDBB72}"
EndProject
Global
	GlobalSection(SolutionConfigurationPlatforms) = preSolution
		Debug|Any CPU = Debug|Any CPU
		Release|Any CPU = Release|Any CPU
	EndGlobalSection
	GlobalSection(ProjectConfigurationPlatforms) = postSolution
		{D7EDD7DF-6342-4067-9A28-F2DDC6EDBB72}.Debug|Any CPU.ActiveCfg = Debug|Any CPU
		{D7EDD7DF-6342-4067-9A28-F2DDC6EDBB72}.Debug|Any CPU.Build.0 = Debug|Any CPU
		{D7EDD7DF-6342-4067-9A28-F2DDC6EDBB72}.Release|Any CPU.ActiveCfg = Release|Any CPU
		{D7EDD7DF-6342-4067-9A28-F2DDC6EDBB72}.Release|Any CPU.Build.0 = Release|Any CPU
	EndGlobalSection
	GlobalSection(SolutionProperties) = preSolution
		HideSolutionNode = FALSE
	EndGlobalSection
	GlobalSection(ExtensibilityGlobals) = postSolution
		SolutionGuid = {51F4562C-2FC4-482E-8964-399D4816436F}
	EndGlobalSection
EndGlobal
